{
  "name": "tree-sitter-ispc",
  "version": "0.2.0",
  "lockfileVersion": 2,
  "requires": true,
  "packages": {
    "": {
      "name": "tree-sitter-ispc",
      "version": "0.2.0",
      "license": "MIT",
      "dependencies": {
        "nan": "^2.17.0"
      },
      "devDependencies": {
        "tree-sitter-c": "^0.24.1",
        "tree-sitter-cli": "^0.26.8"
      }
    },
    "node_modules/nan": {
      "version": "2.17.0",
      "resolved": "https://registry.npmjs.org/nan/-/nan-2.17.0.tgz",
      "integrity": "sha512-2ZTgtl0nJsO0KQCjEpxcIr5D+Yv90plTitZt9JBfQvVJDS5seMl3FOvsh3+9CoYWXf/1l5OaZzzF6nDm4cagaQ=="
    },
    "node_modules/node-addon-api": {
      "version": "8.7.0",
      "resolved": "https://registry.npmjs.org/node-addon-api/-/node-addon-api-8.7.0.tgz",
      "integrity": "sha512-9MdFxmkKaOYVTV+XVRG8ArDwwQ77XIgIPyKASB1k3JPq3M8fGQQQE3YpMOrKm6g//Ktx8ivZr8xo1Qmtqub+GA==",
      "dev": true,
      "license": "MIT",
      "engines": {
        "node": "^18 || ^20 || >= 21"
      }
    },
    "node_modules/node-gyp-build": {
      "version": "4.8.4",
      "resolved": "https://registry.npmjs.org/node-gyp-build/-/node-gyp-build-4.8.4.tgz",
      "integrity": "sha512-LA4ZjwlnUblHVgq0oBF3Jl/6h/Nvs5fzBLwdEF4nuxnFdsfajde4WfxtJr3CaiH+F6ewcIB/q4jQ4UzPyid+CQ==",
      "dev": true,
      "license": "MIT",
      "bin": {
        "node-gyp-build": "bin.js",
        "node-gyp-build-optional": "optional.js",
        "node-gyp-build-test": "build-test.js"
      }
    },
    "node_modules/tree-sitter-c": {
      "version": "0.24.1",
      "resolved": "https://registry.npmjs.org/tree-sitter-c/-/tree-sitter-c-0.24.1.tgz",
      "integrity": "sha512-lkYwWN3SRecpvaeqmFKkuPNR3ZbtnvHU+4XAEEkJdrp3JfSp2pBrhXOtvfsENUneye76g889Y0ddF2DM0gEDpA==",
      "dev": true,
      "hasInstallScript": true,
      "license": "MIT",
      "dependencies": {
        "node-addon-api": "^8.3.1",
        "node-gyp-build": "^4.8.4"
      },
      "peerDependencies": {
        "tree-sitter": "^0.22.4"
      },
      "peerDependenciesMeta": {
        "tree-sitter": {
          "optional": true
        }
      }
    },
    "node_modules/tree-sitter-cli": {
      "version": "0.26.8",
      "resolved": "https://registry.npmjs.org/tree-sitter-cli/-/tree-sitter-cli-0.26.8.tgz",
      "integrity": "sha512-teQFMF5V/g8aIdakZ0M/eZoedCM3MuBt1JuDOICLloA2hy7QfeOInb99U6wiML4qXcBHWREwf0U1TWzw7p67YA==",
      "dev": true,
      "hasInstallScript": true,
      "license": "MIT",
      "bin": {
        "tree-sitter": "cli.js"
      },
      "engines": {
        "node": ">=12.0.0"
      }
    }
  },
  "dependencies": {
    "nan": {
      "version": "2.17.0",
      "resolved": "https://registry.npmjs.org/nan/-/nan-2.17.0.tgz",
      "integrity": "sha512-2ZTgtl0nJsO0KQCjEpxcIr5D+Yv90plTitZt9JBfQvVJDS5seMl3FOvsh3+9CoYWXf/1l5OaZzzF6nDm4cagaQ=="
    },
    "node-addon-api": {
      "version": "8.7.0",
      "resolved": "https://registry.npmjs.org/node-addon-api/-/node-addon-api-8.7.0.tgz",
      "integrity": "sha512-9MdFxmkKaOYVTV+XVRG8ArDwwQ77XIgIPyKASB1k3JPq3M8fGQQQE3YpMOrKm6g//Ktx8ivZr8xo1Qmtqub+GA==",
      "dev": true
    },
    "node-gyp-build": {
      "version": "4.8.4",
      "resolved": "https://registry.npmjs.org/node-gyp-build/-/node-gyp-build-4.8.4.tgz",
      "integrity": "sha512-LA4ZjwlnUblHVgq0oBF3Jl/6h/Nvs5fzBLwdEF4nuxnFdsfajde4WfxtJr3CaiH+F6ewcIB/q4jQ4UzPyid+CQ==",
      "dev": true
    },
    "tree-sitter-c": {
      "version": "0.24.1",
      "resolved": "https://registry.npmjs.org/tree-sitter-c/-/tree-sitter-c-0.24.1.tgz",
      "integrity": "sha512-lkYwWN3SRecpvaeqmFKkuPNR3ZbtnvHU+4XAEEkJdrp3JfSp2pBrhXOtvfsENUneye76g889Y0ddF2DM0gEDpA==",
      "dev": true,
      "requires": {
        "node-addon-api": "^8.3.1",
        "node-gyp-build": "^4.8.4"
      }
    },
    "tree-sitter-cli": {
      "version": "0.26.8",
      "resolved": "https://registry.npmjs.org/tree-sitter-cli/-/tree-sitter-cli-0.26.8.tgz",
      "integrity": "sha512-teQFMF5V/g8aIdakZ0M/eZoedCM3MuBt1JuDOICLloA2hy7QfeOInb99U6wiML4qXcBHWREwf0U1TWzw7p67YA==",
      "dev": true
    }
  }
}
